
Microsoft Visual Studio Solution File, Format Version 12.00
# Visual Studio 15
VisualStudioVersion = 15.0.28307.852
MinimumVisualStudioVersion = 10.0.40219.1
Project("{FAE04EC0-301F-11D3-BF4B-00C04F79EFBC}") = "BitmClass5Student", "BitmClass5Student\BitmClass5Student.csproj", "{2D64A397-6097-4C04-93F9-906CF0A634D5}"
EndProject
Global
	GlobalSection(SolutionConfigurationPlatforms) = preSolution
		Debug|Any CPU = Debug|Any CPU
		Release|Any CPU = Release|Any CPU
	EndGlobalSection
	GlobalSection(ProjectConfigurationPlatforms) = postSolution
		{2D64A397-6097-4C04-93F9-906CF0A634D5}.Debug|Any CPU.ActiveCfg = Debug|Any CPU
		{2D64A397-6097-4C04-93F9-906CF0A634D5}.Debug|Any CPU.Build.0 = Debug|Any CPU
		{2D64A397-6097-4C04-93F9-906CF0A634D5}.Release|Any CPU.ActiveCfg = Release|Any CPU
		{2D64A397-6097-4C04-93F9-906CF0A634D5}.Release|Any CPU.Build.0 = Release|Any CPU
	EndGlobalSection
	GlobalSection(SolutionProperties) = preSolution
		HideSolutionNode = FALSE
	EndGlobalSection
	GlobalSection(ExtensibilityGlobals) = postSolution
		SolutionGuid = {06C17BE8-19AA-4552-AC76-47429546F9EB}
	EndGlobalSection
EndGlobal
